
Microsoft Visual Studio Solution File, Format Version 12.00
# Visual Studio Version 16
VisualStudioVersion = 16.0.28803.352
MinimumVisualStudioVersion = 10.0.40219.1
Project("{FAE04EC0-301F-11D3-BF4B-00C04F79EFBC}") = "RoyandProfilePicture", "RoyandProfilePicture\RoyandProfilePicture.csproj", "{9010F6B5-0BE1-4FEB-B283-4E1FB7C6E16E}"
EndProject
Project("{FAE04EC0-301F-11D3-BF4B-00C04F79EFBC}") = "ToggleString", "ToggleString\ToggleString.csproj", "{4D8DE7B5-1555-42EA-A689-AC6A87FB2BD3}"
EndProject
Global
	GlobalSection(SolutionConfigurationPlatforms) = preSolution
		Debug|Any CPU = Debug|Any CPU
		Release|Any CPU = Release|Any CPU
	EndGlobalSection
	GlobalSection(ProjectConfigurationPlatforms) = postSolution
		{9010F6B5-0BE1-4FEB-B283-4E1FB7C6E16E}.Debug|Any CPU.ActiveCfg = Debug|Any CPU
		{9010F6B5-0BE1-4FEB-B283-4E1FB7C6E16E}.Debug|Any CPU.Build.0 = Debug|Any CPU
		{9010F6B5-0BE1-4FEB-B283-4E1FB7C6E16E}.Release|Any CPU.ActiveCfg = Release|Any CPU
		{9010F6B5-0BE1-4FEB-B283-4E1FB7C6E16E}.Release|Any CPU.Build.0 = Release|Any CPU
		{4D8DE7B5-1555-42EA-A689-AC6A87FB2BD3}.Debug|Any CPU.ActiveCfg = Debug|Any CPU
		{4D8DE7B5-1555-42EA-A689-AC6A87FB2BD3}.Debug|Any CPU.Build.0 = Debug|Any CPU
		{4D8DE7B5-1555-42EA-A689-AC6A87FB2BD3}.Release|Any CPU.ActiveCfg = Release|Any CPU
		{4D8DE7B5-1555-42EA-A689-AC6A87FB2BD3}.Release|Any CPU.Build.0 = Release|Any CPU
	EndGlobalSection
	GlobalSection(SolutionProperties) = preSolution
		HideSolutionNode = FALSE
	EndGlobalSection
	GlobalSection(ExtensibilityGlobals) = postSolution
		SolutionGuid = {FC779A65-F406-433E-837C-A7B383BDCB7E}
	EndGlobalSection
EndGlobal
