
Microsoft Visual Studio Solution File, Format Version 12.00
# Visual Studio Version 16
VisualStudioVersion = 16.0.28803.352
MinimumVisualStudioVersion = 10.0.40219.1
Project("{FAE04EC0-301F-11D3-BF4B-00C04F79EFBC}") = "Sitting Arragement", "Pratices\Sitting Arragement.csproj", "{DF096186-7D93-4914-B2DA-90B541A33892}"
EndProject
Global
	GlobalSection(SolutionConfigurationPlatforms) = preSolution
		Debug|Any CPU = Debug|Any CPU
		Release|Any CPU = Release|Any CPU
	EndGlobalSection
	GlobalSection(ProjectConfigurationPlatforms) = postSolution
		{DF096186-7D93-4914-B2DA-90B541A33892}.Debug|Any CPU.ActiveCfg = Debug|Any CPU
		{DF096186-7D93-4914-B2DA-90B541A33892}.Debug|Any CPU.Build.0 = Debug|Any CPU
		{DF096186-7D93-4914-B2DA-90B541A33892}.Release|Any CPU.ActiveCfg = Release|Any CPU
		{DF096186-7D93-4914-B2DA-90B541A33892}.Release|Any CPU.Build.0 = Release|Any CPU
	EndGlobalSection
	GlobalSection(SolutionProperties) = preSolution
		HideSolutionNode = FALSE
	EndGlobalSection
	GlobalSection(ExtensibilityGlobals) = postSolution
		SolutionGuid = {FC779A65-F406-433E-837C-A7B383BDCB7E}
	EndGlobalSection
EndGlobal
